// !$*UTF8*$!
{
	archiveVersion = 1;
	classes = {
	};
	objectVersion = 46;
	objects = {

/* Begin PBXBuildFile section */
		62CE70F41F9F5D9100FCB2BC /* Tackle-3.gif in Resources */ = {isa = PBXBuildFile; fileRef = 62CE70EE1F9F5D9100FCB2BC /* Tackle-3.gif */; };
		62CE70F51F9F5D9100FCB2BC /* Tackle-2.gif in Resources */ = {isa = PBXBuildFile; fileRef = 62CE70EF1F9F5D9100FCB2BC /* Tackle-2.gif */; };
		62CE70F61F9F5D9100FCB2BC /* Tackle-1.gif in Resources */ = {isa = PBXBuildFile; fileRef = 62CE70F01F9F5D9100FCB2BC /* Tackle-1.gif */; };
		62CE70F71F9F5D9100FCB2BC /* Tackle-4.gif in Resources */ = {isa = PBXBuildFile; fileRef = 62CE70F11F9F5D9100FCB2BC /* Tackle-4.gif */; };
		62CE70F81F9F5D9100FCB2BC /* Tackle-5.gif in Resources */ = {isa = PBXBuildFile; fileRef = 62CE70F21F9F5D9100FCB2BC /* Tackle-5.gif */; };
		62CE70F91F9F5D9100FCB2BC /* Tackle-6.gif in Resources */ = {isa = PBXBuildFile; fileRef = 62CE70F31F9F5D9100FCB2BC /* Tackle-6.gif */; };
		CCBF334F1F17B8AF003D650B /* AppDelegate.swift in Sources */ = {isa = PBXBuildFile; fileRef = CCBF334E1F17B8AF003D650B /* AppDelegate.swift */; };
		CCBF33511F17B8AF003D650B /* ViewController.swift in Sources */ = {isa = PBXBuildFile; fileRef = CCBF33501F17B8AF003D650B /* ViewController.swift */; };
		CCBF33541F17B8AF003D650B /* Main.storyboard in Resources */ = {isa = PBXBuildFile; fileRef = CCBF33521F17B8AF003D650B /* Main.storyboard */; };
		CCBF33561F17B8AF003D650B /* Assets.xcassets in Resources */ = {isa = PBXBuildFile; fileRef = CCBF33551F17B8AF003D650B /* Assets.xcassets */; };
		CCBF33591F17B8AF003D650B /* LaunchScreen.storyboard in Resources */ = {isa = PBXBuildFile; fileRef = CCBF33571F17B8AF003D650B /* LaunchScreen.storyboard */; };
/* End PBXBuildFile section */

/* Begin PBXFileReference section */
		62CE70EE1F9F5D9100FCB2BC /* Tackle-3.gif */ = {isa = PBXFileReference; lastKnownFileType = image.gif; path = "Tackle-3.gif"; sourceTree = "<group>"; };
		62CE70EF1F9F5D9100FCB2BC /* Tackle-2.gif */ = {isa = PBXFileReference; lastKnownFileType = image.gif; path = "Tackle-2.gif"; sourceTree = "<group>"; };
		62CE70F01F9F5D9100FCB2BC /* Tackle-1.gif */ = {isa = PBXFileReference; lastKnownFileType = image.gif; path = "Tackle-1.gif"; sourceTree = "<group>"; };
		62CE70F11F9F5D9100FCB2BC /* Tackle-4.gif */ = {isa = PBXFileReference; lastKnownFileType = image.gif; path = "Tackle-4.gif"; sourceTree = "<group>"; };
		62CE70F21F9F5D9100FCB2BC /* Tackle-5.gif */ = {isa = PBXFileReference; lastKnownFileType = image.gif; path = "Tackle-5.gif"; sourceTree = "<group>"; };
		62CE70F31F9F5D9100FCB2BC /* Tackle-6.gif */ = {isa = PBXFileReference; lastKnownFileType = image.gif; path = "Tackle-6.gif"; sourceTree = "<group>"; };
		CCBF334B1F17B8AF003D650B /* Giffy.app */ = {isa = PBXFileReference; explicitFileType = wrapper.application; includeInIndex = 0; path = Giffy.app; sourceTree = BUILT_PRODUCTS_DIR; };
		CCBF334E1F17B8AF003D650B /* AppDelegate.swift */ = {isa = PBXFileReference; lastKnownFileType = sourcecode.swift; path = AppDelegate.swift; sourceTree = "<group>"; };
		CCBF33501F17B8AF003D650B /* ViewController.swift */ = {isa = PBXFileReference; lastKnownFileType = sourcecode.swift; path = ViewController.swift; sourceTree = "<group>"; };
		CCBF33531F17B8AF003D650B /* Base */ = {isa = PBXFileReference; lastKnownFileType = file.storyboard; name = Base; path = Base.lproj/Main.storyboard; sourceTree = "<group>"; };
		CCBF33551F17B8AF003D650B /* Assets.xcassets */ = {isa = PBXFileReference; lastKnownFileType = folder.assetcatalog; path = Assets.xcassets; sourceTree = "<group>"; };
		CCBF33581F17B8AF003D650B /* Base */ = {isa = PBXFileReference; lastKnownFileType = file.storyboard; name = Base; path = Base.lproj/LaunchScreen.storyboard; sourceTree = "<group>"; };
		CCBF335A1F17B8AF003D650B /* Info.plist */ = {isa = PBXFileReference; lastKnownFileType = text.plist.xml; path = Info.plist; sourceTree = "<group>"; };
/* End PBXFileReference section */

/* Begin PBXFrameworksBuildPhase section */
		CCBF33481F17B8AF003D650B /* Frameworks */ = {
			isa = PBXFrameworksBuildPhase;
			buildActionMask = 2147483647;
			files = (
			);
			runOnlyForDeploymentPostprocessing = 0;
		};
/* End PBXFrameworksBuildPhase section */

/* Begin PBXGroup section */
		62CE70ED1F9F5AA300FCB2BC /* Gif */ = {
			isa = PBXGroup;
			children = (
				62CE70F01F9F5D9100FCB2BC /* Tackle-1.gif */,
				62CE70EF1F9F5D9100FCB2BC /* Tackle-2.gif */,
				62CE70EE1F9F5D9100FCB2BC /* Tackle-3.gif */,
				62CE70F11F9F5D9100FCB2BC /* Tackle-4.gif */,
				62CE70F21F9F5D9100FCB2BC /* Tackle-5.gif */,
				62CE70F31F9F5D9100FCB2BC /* Tackle-6.gif */,
			);
			path = Gif;
			sourceTree = "<group>";
		};
		CCBF33421F17B8AF003D650B = {
			isa = PBXGroup;
			children = (
				62CE70ED1F9F5AA300FCB2BC /* Gif */,
				CCBF334D1F17B8AF003D650B /* Giffy */,
				CCBF334C1F17B8AF003D650B /* Products */,
			);
			sourceTree = "<group>";
		};
		CCBF334C1F17B8AF003D650B /* Products */ = {
			isa = PBXGroup;
			children = (
				CCBF334B1F17B8AF003D650B /* Giffy.app */,
			);
			name = Products;
			sourceTree = "<group>";
		};
		CCBF334D1F17B8AF003D650B /* Giffy */ = {
			isa = PBXGroup;
			children = (
				CCBF334E1F17B8AF003D650B /* AppDelegate.swift */,
				CCBF33501F17B8AF003D650B /* ViewController.swift */,
				CCBF33521F17B8AF003D650B /* Main.storyboard */,
				CCBF33551F17B8AF003D650B /* Assets.xcassets */,
				CCBF33571F17B8AF003D650B /* LaunchScreen.storyboard */,
				CCBF335A1F17B8AF003D650B /* Info.plist */,
			);
			path = Giffy;
			sourceTree = "<group>";
		};
/* End PBXGroup section */

/* Begin PBXNativeTarget section */
		CCBF334A1F17B8AF003D650B /* Giffy */ = {
			isa = PBXNativeTarget;
			buildConfigurationList = CCBF33731F17B8B0003D650B /* Build configuration list for PBXNativeTarget "Giffy" */;
			buildPhases = (
				CCBF33471F17B8AF003D650B /* Sources */,
				CCBF33481F17B8AF003D650B /* Frameworks */,
				CCBF33491F17B8AF003D650B /* Resources */,
			);
			buildRules = (
			);
			dependencies = (
			);
			name = Giffy;
			productName = Giffy;
			productReference = CCBF334B1F17B8AF003D650B /* Giffy.app */;
			productType = "com.apple.product-type.application";
		};
/* End PBXNativeTarget section */

/* Begin PBXProject section */
		CCBF33431F17B8AF003D650B /* Project object */ = {
			isa = PBXProject;
			attributes = {
				LastSwiftUpdateCheck = 0830;
				LastUpgradeCheck = 0830;
				ORGANIZATIONNAME = "Cantalu Mattia";
				TargetAttributes = {
					CCBF334A1F17B8AF003D650B = {
						CreatedOnToolsVersion = 8.3.3;
						ProvisioningStyle = Automatic;
					};
				};
			};
			buildConfigurationList = CCBF33461F17B8AF003D650B /* Build configuration list for PBXProject "Giffy" */;
			compatibilityVersion = "Xcode 3.2";
			developmentRegion = English;
			hasScannedForEncodings = 0;
			knownRegions = (
				en,
				Base,
			);
			mainGroup = CCBF33421F17B8AF003D650B;
			productRefGroup = CCBF334C1F17B8AF003D650B /* Products */;
			projectDirPath = "";
			projectRoot = "";
			targets = (
				CCBF334A1F17B8AF003D650B /* Giffy */,
			);
		};
/* End PBXProject section */

/* Begin PBXResourcesBuildPhase section */
		CCBF33491F17B8AF003D650B /* Resources */ = {
			isa = PBXResourcesBuildPhase;
			buildActionMask = 2147483647;
			files = (
				CCBF33591F17B8AF003D650B /* LaunchScreen.storyboard in Resources */,
				CCBF33561F17B8AF003D650B /* Assets.xcassets in Resources */,
				CCBF33541F17B8AF003D650B /* Main.storyboard in Resources */,
				62CE70F51F9F5D9100FCB2BC /* Tackle-2.gif in Resources */,
				62CE70F41F9F5D9100FCB2BC /* Tackle-3.gif in Resources */,
				62CE70F81F9F5D9100FCB2BC /* Tackle-5.gif in Resources */,
				62CE70F71F9F5D9100FCB2BC /* Tackle-4.gif in Resources */,
				62CE70F61F9F5D9100FCB2BC /* Tackle-1.gif in Resources */,
				62CE70F91F9F5D9100FCB2BC /* Tackle-6.gif in Resources */,
			);
			runOnlyForDeploymentPostprocessing = 0;
		};
/* End PBXResourcesBuildPhase section */

/* Begin PBXSourcesBuildPhase section */
		CCBF33471F17B8AF003D650B /* Sources */ = {
			isa = PBXSourcesBuildPhase;
			buildActionMask = 2147483647;
			files = (
				CCBF33511F17B8AF003D650B /* ViewController.swift in Sources */,
				CCBF334F1F17B8AF003D650B /* AppDelegate.swift in Sources */,
			);
			runOnlyForDeploymentPostprocessing = 0;
		};
/* End PBXSourcesBuildPhase section */

/* Begin PBXVariantGroup section */
		CCBF33521F17B8AF003D650B /* Main.storyboard */ = {
			isa = PBXVariantGroup;
			children = (
				CCBF33531F17B8AF003D650B /* Base */,
			);
			name = Main.storyboard;
			sourceTree = "<group>";
		};
		CCBF33571F17B8AF003D650B /* LaunchScreen.storyboard */ = {
			isa = PBXVariantGroup;
			children = (
				CCBF33581F17B8AF003D650B /* Base */,
			);
			name = LaunchScreen.storyboard;
			sourceTree = "<group>";
		};
/* End PBXVariantGroup section */

/* Begin XCBuildConfiguration section */
		CCBF33711F17B8B0003D650B /* Debug */ = {
			isa = XCBuildConfiguration;
			buildSettings = {
				ALWAYS_SEARCH_USER_PATHS = NO;
				CLANG_ANALYZER_NONNULL = YES;
				CLANG_ANALYZER_NUMBER_OBJECT_CONVERSION = YES_AGGRESSIVE;
				CLANG_CXX_LANGUAGE_STANDARD = "gnu++0x";
				CLANG_CXX_LIBRARY = "libc++";
				CLANG_ENABLE_MODULES = YES;
				CLANG_ENABLE_OBJC_ARC = YES;
				CLANG_WARN_BOOL_CONVERSION = YES;
				CLANG_WARN_CONSTANT_CONVERSION = YES;
				CLANG_WARN_DIRECT_OBJC_ISA_USAGE = YES_ERROR;
				CLANG_WARN_DOCUMENTATION_COMMENTS = YES;
				CLANG_WARN_EMPTY_BODY = YES;
				CLANG_WARN_ENUM_CONVERSION = YES;
				CLANG_WARN_INFINITE_RECURSION = YES;
				CLANG_WARN_INT_CONVERSION = YES;
				CLANG_WARN_OBJC_ROOT_CLASS = YES_ERROR;
				CLANG_WARN_SUSPICIOUS_MOVE = YES;
				CLANG_WARN_UNREACHABLE_CODE = YES;
				CLANG_WARN__DUPLICATE_METHOD_MATCH = YES;
				"CODE_SIGN_IDENTITY[sdk=iphoneos*]" = "iPhone Developer";
				COPY_PHASE_STRIP = NO;
				DEBUG_INFORMATION_FORMAT = dwarf;
				ENABLE_STRICT_OBJC_MSGSEND = YES;
				ENABLE_TESTABILITY = YES;
				GCC_C_LANGUAGE_STANDARD = gnu99;
				GCC_DYNAMIC_NO_PIC = NO;
				GCC_NO_COMMON_BLOCKS = YES;
				GCC_OPTIMIZATION_LEVEL = 0;
				GCC_PREPROCESSOR_DEFINITIONS = (
					"DEBUG=1",
					"$(inherited)",
				);
				GCC_WARN_64_TO_32_BIT_CONVERSION = YES;
				GCC_WARN_ABOUT_RETURN_TYPE = YES_ERROR;
				GCC_WARN_UNDECLARED_SELECTOR = YES;
				GCC_WARN_UNINITIALIZED_AUTOS = YES_AGGRESSIVE;
				GCC_WARN_UNUSED_FUNCTION = YES;
				GCC_WARN_UNUSED_VARIABLE = YES;
				IPHONEOS_DEPLOYMENT_TARGET = 10.3;
				MTL_ENABLE_DEBUG_INFO = YES;
				ONLY_ACTIVE_ARCH = YES;
				SDKROOT = iphoneos;
				SWIFT_ACTIVE_COMPILATION_CONDITIONS = DEBUG;
				SWIFT_OPTIMIZATION_LEVEL = "-Onone";
				TARGETED_DEVICE_FAMILY = "1,2";
			};
			name = Debug;
		};
		CCBF33721F17B8B0003D650B /* Release */ = {
			isa = XCBuildConfiguration;
			buildSettings = {
				ALWAYS_SEARCH_USER_PATHS = NO;
				CLANG_ANALYZER_NONNULL = YES;
				CLANG_ANALYZER_NUMBER_OBJECT_CONVERSION = YES_AGGRESSIVE;
				CLANG_CXX_LANGUAGE_STANDARD = "gnu++0x";
				CLANG_CXX_LIBRARY = "libc++";
				CLANG_ENABLE_MODULES = YES;
				CLANG_ENABLE_OBJC_ARC = YES;
				CLANG_WARN_BOOL_CONVERSION = YES;
				CLANG_WARN_CONSTANT_CONVERSION = YES;
				CLANG_WARN_DIRECT_OBJC_ISA_USAGE = YES_ERROR;
				CLANG_WARN_DOCUMENTATION_COMMENTS = YES;
				CLANG_WARN_EMPTY_BODY = YES;
				CLANG_WARN_ENUM_CONVERSION = YES;
				CLANG_WARN_INFINITE_RECURSION = YES;
				CLANG_WARN_INT_CONVERSION = YES;
				CLANG_WARN_OBJC_ROOT_CLASS = YES_ERROR;
				CLANG_WARN_SUSPICIOUS_MOVE = YES;
				CLANG_WARN_UNREACHABLE_CODE = YES;
				CLANG_WARN__DUPLICATE_METHOD_MATCH = YES;
				"CODE_SIGN_IDENTITY[sdk=iphoneos*]" = "iPhone Developer";
				COPY_PHASE_STRIP = NO;
				DEBUG_INFORMATION_FORMAT = "dwarf-with-dsym";
				ENABLE_NS_ASSERTIONS = NO;
				ENABLE_STRICT_OBJC_MSGSEND = YES;
				GCC_C_LANGUAGE_STANDARD = gnu99;
				GCC_NO_COMMON_BLOCKS = YES;
				GCC_WARN_64_TO_32_BIT_CONVERSION = YES;
				GCC_WARN_ABOUT_RETURN_TYPE = YES_ERROR;
				GCC_WARN_UNDECLARED_SELECTOR = YES;
				GCC_WARN_UNINITIALIZED_AUTOS = YES_AGGRESSIVE;
				GCC_WARN_UNUSED_FUNCTION = YES;
				GCC_WARN_UNUSED_VARIABLE = YES;
				IPHONEOS_DEPLOYMENT_TARGET = 10.3;
				MTL_ENABLE_DEBUG_INFO = NO;
				SDKROOT = iphoneos;
				SWIFT_OPTIMIZATION_LEVEL = "-Owholemodule";
				TARGETED_DEVICE_FAMILY = "1,2";
				VALIDATE_PRODUCT = YES;
			};
			name = Release;
		};
		CCBF33741F17B8B0003D650B /* Debug */ = {
			isa = XCBuildConfiguration;
			buildSettings = {
				ASSETCATALOG_COMPILER_APPICON_NAME = AppIcon;
				INFOPLIST_FILE = Giffy/Info.plist;
				LD_RUNPATH_SEARCH_PATHS = "$(inherited) @executable_path/Frameworks";
				PRODUCT_BUNDLE_IDENTIFIER = com.mattiacantalu.Giffy;
				PRODUCT_NAME = "$(TARGET_NAME)";
				SWIFT_VERSION = 3.0;
			};
			name = Debug;
		};
		CCBF33751F17B8B0003D650B /* Release */ = {
			isa = XCBuildConfiguration;
			buildSettings = {
				ASSETCATALOG_COMPILER_APPICON_NAME = AppIcon;
				INFOPLIST_FILE = Giffy/Info.plist;
				LD_RUNPATH_SEARCH_PATHS = "$(inherited) @executable_path/Frameworks";
				PRODUCT_BUNDLE_IDENTIFIER = com.mattiacantalu.Giffy;
				PRODUCT_NAME = "$(TARGET_NAME)";
				SWIFT_VERSION = 3.0;
			};
			name = Release;
		};
/* End XCBuildConfiguration section */

/* Begin XCConfigurationList section */
		CCBF33461F17B8AF003D650B /* Build configuration list for PBXProject "Giffy" */ = {
			isa = XCConfigurationList;
			buildConfigurations = (
				CCBF33711F17B8B0003D650B /* Debug */,
				CCBF33721F17B8B0003D650B /* Release */,
			);
			defaultConfigurationIsVisible = 0;
			defaultConfigurationName = Release;
		};
		CCBF33731F17B8B0003D650B /* Build configuration list for PBXNativeTarget "Giffy" */ = {
			isa = XCConfigurationList;
			buildConfigurations = (
				CCBF33741F17B8B0003D650B /* Debug */,
				CCBF33751F17B8B0003D650B /* Release */,
			);
			defaultConfigurationIsVisible = 0;
			defaultConfigurationName = Release;
		};
/* End XCConfigurationList section */
	};
	rootObject = CCBF33431F17B8AF003D650B /* Project object */;
}
